
Microsoft Visual Studio Solution File, Format Version 12.00
# Visual Studio Version 17
VisualStudioVersion = 17.3.32804.467
MinimumVisualStudioVersion = 10.0.40219.1
Project("{9A19103F-16F7-4668-BE54-9A1E7A4F7556}") = "Space-NET", "Space-NET.csproj", "{D075ECA1-D7E1-49E6-BA94-64EAF0B045CD}"
EndProject
Global
	GlobalSection(SolutionConfigurationPlatforms) = preSolution
		Debug|Any CPU = Debug|Any CPU
		Debug|ARM64 = Debug|ARM64
		Debug|x64 = Debug|x64
		Release|Any CPU = Release|Any CPU
		Release|ARM64 = Release|ARM64
		Release|x64 = Release|x64
	EndGlobalSection
	GlobalSection(ProjectConfigurationPlatforms) = postSolution
		{D075ECA1-D7E1-49E6-BA94-64EAF0B045CD}.Debug|Any CPU.ActiveCfg = Debug|Any CPU
		{D075ECA1-D7E1-49E6-BA94-64EAF0B045CD}.Debug|Any CPU.Build.0 = Debug|Any CPU
		{D075ECA1-D7E1-49E6-BA94-64EAF0B045CD}.Debug|ARM64.ActiveCfg = Debug|ARM64
		{D075ECA1-D7E1-49E6-BA94-64EAF0B045CD}.Debug|ARM64.Build.0 = Debug|ARM64
		{D075ECA1-D7E1-49E6-BA94-64EAF0B045CD}.Debug|x64.ActiveCfg = Debug|x64
		{D075ECA1-D7E1-49E6-BA94-64EAF0B045CD}.Debug|x64.Build.0 = Debug|x64
		{D075ECA1-D7E1-49E6-BA94-64EAF0B045CD}.Release|Any CPU.ActiveCfg = Release|Any CPU
		{D075ECA1-D7E1-49E6-BA94-64EAF0B045CD}.Release|Any CPU.Build.0 = Release|Any CPU
		{D075ECA1-D7E1-49E6-BA94-64EAF0B045CD}.Release|ARM64.ActiveCfg = Release|ARM64
		{D075ECA1-D7E1-49E6-BA94-64EAF0B045CD}.Release|ARM64.Build.0 = Release|ARM64
		{D075ECA1-D7E1-49E6-BA94-64EAF0B045CD}.Release|x64.ActiveCfg = Release|x64
		{D075ECA1-D7E1-49E6-BA94-64EAF0B045CD}.Release|x64.Build.0 = Release|x64
	EndGlobalSection
	GlobalSection(SolutionProperties) = preSolution
		HideSolutionNode = FALSE
	EndGlobalSection
	GlobalSection(ExtensibilityGlobals) = postSolution
		SolutionGuid = {FE50BA6E-67C5-4C28-B364-15F7D5238534}
	EndGlobalSection
EndGlobal
